
Microsoft Visual Studio Solution File, Format Version 12.00
# Visual Studio Version 17
VisualStudioVersion = 17.14.36603.0
MinimumVisualStudioVersion = 10.0.40219.1
Project("{FAE04EC0-301F-11D3-BF4B-00C04F79EFBC}") = "IS7024FinalProject", "IS7024FinalProject\IS7024FinalProject.csproj", "{21E466A9-59CF-45BE-9393-7D3D22E5A6EF}"
EndProject
Global
	GlobalSection(SolutionConfigurationPlatforms) = preSolution
		Debug|Any CPU = Debug|Any CPU
		Release|Any CPU = Release|Any CPU
	EndGlobalSection
	GlobalSection(ProjectConfigurationPlatforms) = postSolution
		{21E466A9-59CF-45BE-9393-7D3D22E5A6EF}.Debug|Any CPU.ActiveCfg = Debug|Any CPU
		{21E466A9-59CF-45BE-9393-7D3D22E5A6EF}.Debug|Any CPU.Build.0 = Debug|Any CPU
		{21E466A9-59CF-45BE-9393-7D3D22E5A6EF}.Release|Any CPU.ActiveCfg = Release|Any CPU
		{21E466A9-59CF-45BE-9393-7D3D22E5A6EF}.Release|Any CPU.Build.0 = Release|Any CPU
	EndGlobalSection
	GlobalSection(SolutionProperties) = preSolution
		HideSolutionNode = FALSE
	EndGlobalSection
	GlobalSection(ExtensibilityGlobals) = postSolution
		SolutionGuid = {BB8A2C51-05A6-431A-83D0-554EB9D19654}
	EndGlobalSection
EndGlobal
